
Microsoft Visual Studio Solution File, Format Version 12.00
# Visual Studio 15
VisualStudioVersion = 15.0.28307.271
MinimumVisualStudioVersion = 10.0.40219.1
Project("{FAE04EC0-301F-11D3-BF4B-00C04F79EFBC}") = "SearchString", "SearchString\SearchString.csproj", "{6697B1DF-A99B-4C1D-B6FA-C16256FBE670}"
EndProject
Project("{FAE04EC0-301F-11D3-BF4B-00C04F79EFBC}") = "Searcher", "Searcher\Searcher.csproj", "{F2E76424-D849-4108-AE9D-29ECCDBEFBE3}"
EndProject
Global
	GlobalSection(SolutionConfigurationPlatforms) = preSolution
		Debug|Any CPU = Debug|Any CPU
		Release|Any CPU = Release|Any CPU
	EndGlobalSection
	GlobalSection(ProjectConfigurationPlatforms) = postSolution
		{6697B1DF-A99B-4C1D-B6FA-C16256FBE670}.Debug|Any CPU.ActiveCfg = Debug|Any CPU
		{6697B1DF-A99B-4C1D-B6FA-C16256FBE670}.Debug|Any CPU.Build.0 = Debug|Any CPU
		{6697B1DF-A99B-4C1D-B6FA-C16256FBE670}.Release|Any CPU.ActiveCfg = Release|Any CPU
		{6697B1DF-A99B-4C1D-B6FA-C16256FBE670}.Release|Any CPU.Build.0 = Release|Any CPU
		{F2E76424-D849-4108-AE9D-29ECCDBEFBE3}.Debug|Any CPU.ActiveCfg = Debug|Any CPU
		{F2E76424-D849-4108-AE9D-29ECCDBEFBE3}.Debug|Any CPU.Build.0 = Debug|Any CPU
		{F2E76424-D849-4108-AE9D-29ECCDBEFBE3}.Release|Any CPU.ActiveCfg = Release|Any CPU
		{F2E76424-D849-4108-AE9D-29ECCDBEFBE3}.Release|Any CPU.Build.0 = Release|Any CPU
	EndGlobalSection
	GlobalSection(SolutionProperties) = preSolution
		HideSolutionNode = FALSE
	EndGlobalSection
	GlobalSection(ExtensibilityGlobals) = postSolution
		SolutionGuid = {E35861C3-EDA0-458B-8F39-AC56D6661FF5}
	EndGlobalSection
EndGlobal
